
Microsoft Visual Studio Solution File, Format Version 12.00
# Visual Studio 15
VisualStudioVersion = 15.0.28010.0
MinimumVisualStudioVersion = 10.0.40219.1
Project("{FAE04EC0-301F-11D3-BF4B-00C04F79EFBC}") = "Sales.Android", "Sales\Sales.Android\Sales.Android.csproj", "{11D03D85-4AC7-4188-A314-74FE355DAD69}"
EndProject
Project("{FAE04EC0-301F-11D3-BF4B-00C04F79EFBC}") = "Sales.iOS", "Sales\Sales.iOS\Sales.iOS.csproj", "{3A3EEC13-5CBA-4469-BDA7-9A3F3E548A42}"
EndProject
Project("{FAE04EC0-301F-11D3-BF4B-00C04F79EFBC}") = "Sales.UWP", "Sales\Sales.UWP\Sales.UWP.csproj", "{B219A658-9FD9-4069-A62B-F68D72B59B4B}"
EndProject
Project("{FAE04EC0-301F-11D3-BF4B-00C04F79EFBC}") = "Sales", "Sales\Sales\Sales.csproj", "{C46FAF6F-0E6E-42DD-8445-A5EFA4E6D40D}"
EndProject
Project("{FAE04EC0-301F-11D3-BF4B-00C04F79EFBC}") = "Sales.Backend", "Sales.Backend\Sales.Backend.csproj", "{1E19CD70-B060-42DD-9899-6F236B0514BF}"
EndProject
Project("{FAE04EC0-301F-11D3-BF4B-00C04F79EFBC}") = "Sales.API", "Sales.API\Sales.API.csproj", "{3F7DDEA0-0C69-4466-A7FB-9FAFEF0336E6}"
EndProject
Project("{FAE04EC0-301F-11D3-BF4B-00C04F79EFBC}") = "Sales.Domain", "Sales.Domain\Sales.Domain.csproj", "{4C9DD469-87CA-45D8-9EA3-A62641C386AA}"
EndProject
Project("{FAE04EC0-301F-11D3-BF4B-00C04F79EFBC}") = "Sales.Common", "Sales.Common\Sales.Common.csproj", "{DAF97F4D-721A-460A-A0D3-8296DBC2DCE2}"
EndProject
Global
	GlobalSection(SolutionConfigurationPlatforms) = preSolution
		Ad-Hoc|Any CPU = Ad-Hoc|Any CPU
		Ad-Hoc|ARM = Ad-Hoc|ARM
		Ad-Hoc|iPhone = Ad-Hoc|iPhone
		Ad-Hoc|iPhoneSimulator = Ad-Hoc|iPhoneSimulator
		Ad-Hoc|x64 = Ad-Hoc|x64
		Ad-Hoc|x86 = Ad-Hoc|x86
		AppStore|Any CPU = AppStore|Any CPU
		AppStore|ARM = AppStore|ARM
		AppStore|iPhone = AppStore|iPhone
		AppStore|iPhoneSimulator = AppStore|iPhoneSimulator
		AppStore|x64 = AppStore|x64
		AppStore|x86 = AppStore|x86
		Debug|Any CPU = Debug|Any CPU
		Debug|ARM = Debug|ARM
		Debug|iPhone = Debug|iPhone
		Debug|iPhoneSimulator = Debug|iPhoneSimulator
		Debug|x64 = Debug|x64
		Debug|x86 = Debug|x86
		Release|Any CPU = Release|Any CPU
		Release|ARM = Release|ARM
		Release|iPhone = Release|iPhone
		Release|iPhoneSimulator = Release|iPhoneSimulator
		Release|x64 = Release|x64
		Release|x86 = Release|x86
	EndGlobalSection
	GlobalSection(ProjectConfigurationPlatforms) = postSolution
		{11D03D85-4AC7-4188-A314-74FE355DAD69}.Ad-Hoc|Any CPU.ActiveCfg = Release|Any CPU
		{11D03D85-4AC7-4188-A314-74FE355DAD69}.Ad-Hoc|Any CPU.Build.0 = Release|Any CPU
		{11D03D85-4AC7-4188-A314-74FE355DAD69}.Ad-Hoc|Any CPU.Deploy.0 = Release|Any CPU
		{11D03D85-4AC7-4188-A314-74FE355DAD69}.Ad-Hoc|ARM.ActiveCfg = Release|Any CPU
		{11D03D85-4AC7-4188-A314-74FE355DAD69}.Ad-Hoc|ARM.Build.0 = Release|Any CPU
		{11D03D85-4AC7-4188-A314-74FE355DAD69}.Ad-Hoc|ARM.Deploy.0 = Release|Any CPU
		{11D03D85-4AC7-4188-A314-74FE355DAD69}.Ad-Hoc|iPhone.ActiveCfg = Release|Any CPU
		{11D03D85-4AC7-4188-A314-74FE355DAD69}.Ad-Hoc|iPhone.Build.0 = Release|Any CPU
		{11D03D85-4AC7-4188-A314-74FE355DAD69}.Ad-Hoc|iPhone.Deploy.0 = Release|Any CPU
		{11D03D85-4AC7-4188-A314-74FE355DAD69}.Ad-Hoc|iPhoneSimulator.ActiveCfg = Release|Any CPU
		{11D03D85-4AC7-4188-A314-74FE355DAD69}.Ad-Hoc|iPhoneSimulator.Build.0 = Release|Any CPU
		{11D03D85-4AC7-4188-A314-74FE355DAD69}.Ad-Hoc|iPhoneSimulator.Deploy.0 = Release|Any CPU
		{11D03D85-4AC7-4188-A314-74FE355DAD69}.Ad-Hoc|x64.ActiveCfg = Release|Any CPU
		{11D03D85-4AC7-4188-A314-74FE355DAD69}.Ad-Hoc|x64.Build.0 = Release|Any CPU
		{11D03D85-4AC7-4188-A314-74FE355DAD69}.Ad-Hoc|x64.Deploy.0 = Release|Any CPU
		{11D03D85-4AC7-4188-A314-74FE355DAD69}.Ad-Hoc|x86.ActiveCfg = Release|Any CPU
		{11D03D85-4AC7-4188-A314-74FE355DAD69}.Ad-Hoc|x86.Build.0 = Release|Any CPU
		{11D03D85-4AC7-4188-A314-74FE355DAD69}.Ad-Hoc|x86.Deploy.0 = Release|Any CPU
		{11D03D85-4AC7-4188-A314-74FE355DAD69}.AppStore|Any CPU.ActiveCfg = Release|Any CPU
		{11D03D85-4AC7-4188-A314-74FE355DAD69}.AppStore|Any CPU.Build.0 = Release|Any CPU
		{11D03D85-4AC7-4188-A314-74FE355DAD69}.AppStore|Any CPU.Deploy.0 = Release|Any CPU
		{11D03D85-4AC7-4188-A314-74FE355DAD69}.AppStore|ARM.ActiveCfg = Release|Any CPU
		{11D03D85-4AC7-4188-A314-74FE355DAD69}.AppStore|ARM.Build.0 = Release|Any CPU
		{11D03D85-4AC7-4188-A314-74FE355DAD69}.AppStore|ARM.Deploy.0 = Release|Any CPU
		{11D03D85-4AC7-4188-A314-74FE355DAD69}.AppStore|iPhone.ActiveCfg = Release|Any CPU
		{11D03D85-4AC7-4188-A314-74FE355DAD69}.AppStore|iPhone.Build.0 = Release|Any CPU
		{11D03D85-4AC7-4188-A314-74FE355DAD69}.AppStore|iPhone.Deploy.0 = Release|Any CPU
		{11D03D85-4AC7-4188-A314-74FE355DAD69}.AppStore|iPhoneSimulator.ActiveCfg = Release|Any CPU
		{11D03D85-4AC7-4188-A314-74FE355DAD69}.AppStore|iPhoneSimulator.Build.0 = Release|Any CPU
		{11D03D85-4AC7-4188-A314-74FE355DAD69}.AppStore|iPhoneSimulator.Deploy.0 = Release|Any CPU
		{11D03D85-4AC7-4188-A314-74FE355DAD69}.AppStore|x64.ActiveCfg = Release|Any CPU
		{11D03D85-4AC7-4188-A314-74FE355DAD69}.AppStore|x64.Build.0 = Release|Any CPU
		{11D03D85-4AC7-4188-A314-74FE355DAD69}.AppStore|x64.Deploy.0 = Release|Any CPU
		{11D03D85-4AC7-4188-A314-74FE355DAD69}.AppStore|x86.ActiveCfg = Release|Any CPU
		{11D03D85-4AC7-4188-A314-74FE355DAD69}.AppStore|x86.Build.0 = Release|Any CPU
		{11D03D85-4AC7-4188-A314-74FE355DAD69}.AppStore|x86.Deploy.0 = Release|Any CPU
		{11D03D85-4AC7-4188-A314-74FE355DAD69}.Debug|Any CPU.ActiveCfg = Debug|Any CPU
		{11D03D85-4AC7-4188-A314-74FE355DAD69}.Debug|Any CPU.Build.0 = Debug|Any CPU
		{11D03D85-4AC7-4188-A314-74FE355DAD69}.Debug|Any CPU.Deploy.0 = Debug|Any CPU
		{11D03D85-4AC7-4188-A314-74FE355DAD69}.Debug|ARM.ActiveCfg = Debug|Any CPU
		{11D03D85-4AC7-4188-A314-74FE355DAD69}.Debug|ARM.Build.0 = Debug|Any CPU
		{11D03D85-4AC7-4188-A314-74FE355DAD69}.Debug|ARM.Deploy.0 = Debug|Any CPU
		{11D03D85-4AC7-4188-A314-74FE355DAD69}.Debug|iPhone.ActiveCfg = Debug|Any CPU
		{11D03D85-4AC7-4188-A314-74FE355DAD69}.Debug|iPhone.Build.0 = Debug|Any CPU
		{11D03D85-4AC7-4188-A314-74FE355DAD69}.Debug|iPhone.Deploy.0 = Debug|Any CPU
		{11D03D85-4AC7-4188-A314-74FE355DAD69}.Debug|iPhoneSimulator.ActiveCfg = Debug|Any CPU
		{11D03D85-4AC7-4188-A314-74FE355DAD69}.Debug|iPhoneSimulator.Build.0 = Debug|Any CPU
		{11D03D85-4AC7-4188-A314-74FE355DAD69}.Debug|iPhoneSimulator.Deploy.0 = Debug|Any CPU
		{11D03D85-4AC7-4188-A314-74FE355DAD69}.Debug|x64.ActiveCfg = Debug|Any CPU
		{11D03D85-4AC7-4188-A314-74FE355DAD69}.Debug|x64.Build.0 = Debug|Any CPU
		{11D03D85-4AC7-4188-A314-74FE355DAD69}.Debug|x64.Deploy.0 = Debug|Any CPU
		{11D03D85-4AC7-4188-A314-74FE355DAD69}.Debug|x86.ActiveCfg = Debug|Any CPU
		{11D03D85-4AC7-4188-A314-74FE355DAD69}.Debug|x86.Build.0 = Debug|Any CPU
		{11D03D85-4AC7-4188-A314-74FE355DAD69}.Debug|x86.Deploy.0 = Debug|Any CPU
		{11D03D85-4AC7-4188-A314-74FE355DAD69}.Release|Any CPU.ActiveCfg = Release|Any CPU
		{11D03D85-4AC7-4188-A314-74FE355DAD69}.Release|Any CPU.Build.0 = Release|Any CPU
		{11D03D85-4AC7-4188-A314-74FE355DAD69}.Release|Any CPU.Deploy.0 = Release|Any CPU
		{11D03D85-4AC7-4188-A314-74FE355DAD69}.Release|ARM.ActiveCfg = Release|Any CPU
		{11D03D85-4AC7-4188-A314-74FE355DAD69}.Release|ARM.Build.0 = Release|Any CPU
		{11D03D85-4AC7-4188-A314-74FE355DAD69}.Release|ARM.Deploy.0 = Release|Any CPU
		{11D03D85-4AC7-4188-A314-74FE355DAD69}.Release|iPhone.ActiveCfg = Release|Any CPU
		{11D03D85-4AC7-4188-A314-74FE355DAD69}.Release|iPhone.Build.0 = Release|Any CPU
		{11D03D85-4AC7-4188-A314-74FE355DAD69}.Release|iPhone.Deploy.0 = Release|Any CPU
		{11D03D85-4AC7-4188-A314-74FE355DAD69}.Release|iPhoneSimulator.ActiveCfg = Release|Any CPU
		{11D03D85-4AC7-4188-A314-74FE355DAD69}.Release|iPhoneSimulator.Build.0 = Release|Any CPU
		{11D03D85-4AC7-4188-A314-74FE355DAD69}.Release|iPhoneSimulator.Deploy.0 = Release|Any CPU
		{11D03D85-4AC7-4188-A314-74FE355DAD69}.Release|x64.ActiveCfg = Release|Any CPU
		{11D03D85-4AC7-4188-A314-74FE355DAD69}.Release|x64.Build.0 = Release|Any CPU
		{11D03D85-4AC7-4188-A314-74FE355DAD69}.Release|x64.Deploy.0 = Release|Any CPU
		{11D03D85-4AC7-4188-A314-74FE355DAD69}.Release|x86.ActiveCfg = Release|Any CPU
		{11D03D85-4AC7-4188-A314-74FE355DAD69}.Release|x86.Build.0 = Release|Any CPU
		{11D03D85-4AC7-4188-A314-74FE355DAD69}.Release|x86.Deploy.0 = Release|Any CPU
		{3A3EEC13-5CBA-4469-BDA7-9A3F3E548A42}.Ad-Hoc|Any CPU.ActiveCfg = Ad-Hoc|iPhone
		{3A3EEC13-5CBA-4469-BDA7-9A3F3E548A42}.Ad-Hoc|Any CPU.Build.0 = Ad-Hoc|iPhone
		{3A3EEC13-5CBA-4469-BDA7-9A3F3E548A42}.Ad-Hoc|Any CPU.Deploy.0 = Ad-Hoc|iPhone
		{3A3EEC13-5CBA-4469-BDA7-9A3F3E548A42}.Ad-Hoc|ARM.ActiveCfg = Ad-Hoc|iPhone
		{3A3EEC13-5CBA-4469-BDA7-9A3F3E548A42}.Ad-Hoc|ARM.Build.0 = Ad-Hoc|iPhone
		{3A3EEC13-5CBA-4469-BDA7-9A3F3E548A42}.Ad-Hoc|ARM.Deploy.0 = Ad-Hoc|iPhone
		{3A3EEC13-5CBA-4469-BDA7-9A3F3E548A42}.Ad-Hoc|iPhone.ActiveCfg = Ad-Hoc|iPhone
		{3A3EEC13-5CBA-4469-BDA7-9A3F3E548A42}.Ad-Hoc|iPhone.Build.0 = Ad-Hoc|iPhone
		{3A3EEC13-5CBA-4469-BDA7-9A3F3E548A42}.Ad-Hoc|iPhone.Deploy.0 = Ad-Hoc|iPhone
		{3A3EEC13-5CBA-4469-BDA7-9A3F3E548A42}.Ad-Hoc|iPhoneSimulator.ActiveCfg = Ad-Hoc|iPhoneSimulator
		{3A3EEC13-5CBA-4469-BDA7-9A3F3E548A42}.Ad-Hoc|iPhoneSimulator.Build.0 = Ad-Hoc|iPhoneSimulator
		{3A3EEC13-5CBA-4469-BDA7-9A3F3E548A42}.Ad-Hoc|iPhoneSimulator.Deploy.0 = Ad-Hoc|iPhoneSimulator
		{3A3EEC13-5CBA-4469-BDA7-9A3F3E548A42}.Ad-Hoc|x64.ActiveCfg = Ad-Hoc|iPhone
		{3A3EEC13-5CBA-4469-BDA7-9A3F3E548A42}.Ad-Hoc|x64.Build.0 = Ad-Hoc|iPhone
		{3A3EEC13-5CBA-4469-BDA7-9A3F3E548A42}.Ad-Hoc|x64.Deploy.0 = Ad-Hoc|iPhone
		{3A3EEC13-5CBA-4469-BDA7-9A3F3E548A42}.Ad-Hoc|x86.ActiveCfg = Ad-Hoc|iPhone
		{3A3EEC13-5CBA-4469-BDA7-9A3F3E548A42}.Ad-Hoc|x86.Build.0 = Ad-Hoc|iPhone
		{3A3EEC13-5CBA-4469-BDA7-9A3F3E548A42}.Ad-Hoc|x86.Deploy.0 = Ad-Hoc|iPhone
		{3A3EEC13-5CBA-4469-BDA7-9A3F3E548A42}.AppStore|Any CPU.ActiveCfg = AppStore|iPhone
		{3A3EEC13-5CBA-4469-BDA7-9A3F3E548A42}.AppStore|Any CPU.Build.0 = AppStore|iPhone
		{3A3EEC13-5CBA-4469-BDA7-9A3F3E548A42}.AppStore|Any CPU.Deploy.0 = AppStore|iPhone
		{3A3EEC13-5CBA-4469-BDA7-9A3F3E548A42}.AppStore|ARM.ActiveCfg = AppStore|iPhone
		{3A3EEC13-5CBA-4469-BDA7-9A3F3E548A42}.AppStore|ARM.Build.0 = AppStore|iPhone
		{3A3EEC13-5CBA-4469-BDA7-9A3F3E548A42}.AppStore|ARM.Deploy.0 = AppStore|iPhone
		{3A3EEC13-5CBA-4469-BDA7-9A3F3E548A42}.AppStore|iPhone.ActiveCfg = AppStore|iPhone
		{3A3EEC13-5CBA-4469-BDA7-9A3F3E548A42}.AppStore|iPhone.Build.0 = AppStore|iPhone
		{3A3EEC13-5CBA-4469-BDA7-9A3F3E548A42}.AppStore|iPhone.Deploy.0 = AppStore|iPhone
		{3A3EEC13-5CBA-4469-BDA7-9A3F3E548A42}.AppStore|iPhoneSimulator.ActiveCfg = AppStore|iPhoneSimulator
		{3A3EEC13-5CBA-4469-BDA7-9A3F3E548A42}.AppStore|iPhoneSimulator.Build.0 = AppStore|iPhoneSimulator
		{3A3EEC13-5CBA-4469-BDA7-9A3F3E548A42}.AppStore|iPhoneSimulator.Deploy.0 = AppStore|iPhoneSimulator
		{3A3EEC13-5CBA-4469-BDA7-9A3F3E548A42}.AppStore|x64.ActiveCfg = AppStore|iPhone
		{3A3EEC13-5CBA-4469-BDA7-9A3F3E548A42}.AppStore|x64.Build.0 = AppStore|iPhone
		{3A3EEC13-5CBA-4469-BDA7-9A3F3E548A42}.AppStore|x64.Deploy.0 = AppStore|iPhone
		{3A3EEC13-5CBA-4469-BDA7-9A3F3E548A42}.AppStore|x86.ActiveCfg = AppStore|iPhone
		{3A3EEC13-5CBA-4469-BDA7-9A3F3E548A42}.AppStore|x86.Build.0 = AppStore|iPhone
		{3A3EEC13-5CBA-4469-BDA7-9A3F3E548A42}.AppStore|x86.Deploy.0 = AppStore|iPhone
		{3A3EEC13-5CBA-4469-BDA7-9A3F3E548A42}.Debug|Any CPU.ActiveCfg = Debug|iPhoneSimulator
		{3A3EEC13-5CBA-4469-BDA7-9A3F3E548A42}.Debug|Any CPU.Build.0 = Debug|iPhoneSimulator
		{3A3EEC13-5CBA-4469-BDA7-9A3F3E548A42}.Debug|Any CPU.Deploy.0 = Debug|iPhoneSimulator
		{3A3EEC13-5CBA-4469-BDA7-9A3F3E548A42}.Debug|ARM.ActiveCfg = Debug|iPhone
		{3A3EEC13-5CBA-4469-BDA7-9A3F3E548A42}.Debug|ARM.Build.0 = Debug|iPhone
		{3A3EEC13-5CBA-4469-BDA7-9A3F3E548A42}.Debug|ARM.Deploy.0 = Debug|iPhone
		{3A3EEC13-5CBA-4469-BDA7-9A3F3E548A42}.Debug|iPhone.ActiveCfg = Debug|iPhone
		{3A3EEC13-5CBA-4469-BDA7-9A3F3E548A42}.Debug|iPhone.Build.0 = Debug|iPhone
		{3A3EEC13-5CBA-4469-BDA7-9A3F3E548A42}.Debug|iPhone.Deploy.0 = Debug|iPhone
		{3A3EEC13-5CBA-4469-BDA7-9A3F3E548A42}.Debug|iPhoneSimulator.ActiveCfg = Debug|iPhoneSimulator
		{3A3EEC13-5CBA-4469-BDA7-9A3F3E548A42}.Debug|iPhoneSimulator.Build.0 = Debug|iPhoneSimulator
		{3A3EEC13-5CBA-4469-BDA7-9A3F3E548A42}.Debug|iPhoneSimulator.Deploy.0 = Debug|iPhoneSimulator
		{3A3EEC13-5CBA-4469-BDA7-9A3F3E548A42}.Debug|x64.ActiveCfg = Debug|iPhone
		{3A3EEC13-5CBA-4469-BDA7-9A3F3E548A42}.Debug|x64.Build.0 = Debug|iPhone
		{3A3EEC13-5CBA-4469-BDA7-9A3F3E548A42}.Debug|x64.Deploy.0 = Debug|iPhone
		{3A3EEC13-5CBA-4469-BDA7-9A3F3E548A42}.Debug|x86.ActiveCfg = Debug|iPhone
		{3A3EEC13-5CBA-4469-BDA7-9A3F3E548A42}.Debug|x86.Build.0 = Debug|iPhone
		{3A3EEC13-5CBA-4469-BDA7-9A3F3E548A42}.Debug|x86.Deploy.0 = Debug|iPhone
		{3A3EEC13-5CBA-4469-BDA7-9A3F3E548A42}.Release|Any CPU.ActiveCfg = Release|iPhone
		{3A3EEC13-5CBA-4469-BDA7-9A3F3E548A42}.Release|Any CPU.Build.0 = Release|iPhone
		{3A3EEC13-5CBA-4469-BDA7-9A3F3E548A42}.Release|Any CPU.Deploy.0 = Release|iPhone
		{3A3EEC13-5CBA-4469-BDA7-9A3F3E548A42}.Release|ARM.ActiveCfg = Release|iPhone
		{3A3EEC13-5CBA-4469-BDA7-9A3F3E548A42}.Release|ARM.Build.0 = Release|iPhone
		{3A3EEC13-5CBA-4469-BDA7-9A3F3E548A42}.Release|ARM.Deploy.0 = Release|iPhone
		{3A3EEC13-5CBA-4469-BDA7-9A3F3E548A42}.Release|iPhone.ActiveCfg = Release|iPhone
		{3A3EEC13-5CBA-4469-BDA7-9A3F3E548A42}.Release|iPhone.Build.0 = Release|iPhone
		{3A3EEC13-5CBA-4469-BDA7-9A3F3E548A42}.Release|iPhone.Deploy.0 = Release|iPhone
		{3A3EEC13-5CBA-4469-BDA7-9A3F3E548A42}.Release|iPhoneSimulator.ActiveCfg = Release|iPhoneSimulator
		{3A3EEC13-5CBA-4469-BDA7-9A3F3E548A42}.Release|iPhoneSimulator.Build.0 = Release|iPhoneSimulator
		{3A3EEC13-5CBA-4469-BDA7-9A3F3E548A42}.Release|iPhoneSimulator.Deploy.0 = Release|iPhoneSimulator
		{3A3EEC13-5CBA-4469-BDA7-9A3F3E548A42}.Release|x64.ActiveCfg = Release|iPhone
		{3A3EEC13-5CBA-4469-BDA7-9A3F3E548A42}.Release|x64.Build.0 = Release|iPhone
		{3A3EEC13-5CBA-4469-BDA7-9A3F3E548A42}.Release|x64.Deploy.0 = Release|iPhone
		{3A3EEC13-5CBA-4469-BDA7-9A3F3E548A42}.Release|x86.ActiveCfg = Release|iPhone
		{3A3EEC13-5CBA-4469-BDA7-9A3F3E548A42}.Release|x86.Build.0 = Release|iPhone
		{3A3EEC13-5CBA-4469-BDA7-9A3F3E548A42}.Release|x86.Deploy.0 = Release|iPhone
		{B219A658-9FD9-4069-A62B-F68D72B59B4B}.Ad-Hoc|Any CPU.ActiveCfg = Release|x86
		{B219A658-9FD9-4069-A62B-F68D72B59B4B}.Ad-Hoc|Any CPU.Build.0 = Release|x86
		{B219A658-9FD9-4069-A62B-F68D72B59B4B}.Ad-Hoc|Any CPU.Deploy.0 = Release|x86
		{B219A658-9FD9-4069-A62B-F68D72B59B4B}.Ad-Hoc|ARM.ActiveCfg = Release|ARM
		{B219A658-9FD9-4069-A62B-F68D72B59B4B}.Ad-Hoc|ARM.Build.0 = Release|ARM
		{B219A658-9FD9-4069-A62B-F68D72B59B4B}.Ad-Hoc|ARM.Deploy.0 = Release|ARM
		{B219A658-9FD9-4069-A62B-F68D72B59B4B}.Ad-Hoc|iPhone.ActiveCfg = Release|x86
		{B219A658-9FD9-4069-A62B-F68D72B59B4B}.Ad-Hoc|iPhone.Build.0 = Release|x86
		{B219A658-9FD9-4069-A62B-F68D72B59B4B}.Ad-Hoc|iPhone.Deploy.0 = Release|x86
		{B219A658-9FD9-4069-A62B-F68D72B59B4B}.Ad-Hoc|iPhoneSimulator.ActiveCfg = Release|x86
		{B219A658-9FD9-4069-A62B-F68D72B59B4B}.Ad-Hoc|iPhoneSimulator.Build.0 = Release|x86
		{B219A658-9FD9-4069-A62B-F68D72B59B4B}.Ad-Hoc|iPhoneSimulator.Deploy.0 = Release|x86
		{B219A658-9FD9-4069-A62B-F68D72B59B4B}.Ad-Hoc|x64.ActiveCfg = Release|x64
		{B219A658-9FD9-4069-A62B-F68D72B59B4B}.Ad-Hoc|x64.Build.0 = Release|x64
		{B219A658-9FD9-4069-A62B-F68D72B59B4B}.Ad-Hoc|x64.Deploy.0 = Release|x64
		{B219A658-9FD9-4069-A62B-F68D72B59B4B}.Ad-Hoc|x86.ActiveCfg = Release|x86
		{B219A658-9FD9-4069-A62B-F68D72B59B4B}.Ad-Hoc|x86.Build.0 = Release|x86
		{B219A658-9FD9-4069-A62B-F68D72B59B4B}.Ad-Hoc|x86.Deploy.0 = Release|x86
		{B219A658-9FD9-4069-A62B-F68D72B59B4B}.AppStore|Any CPU.ActiveCfg = Release|x86
		{B219A658-9FD9-4069-A62B-F68D72B59B4B}.AppStore|Any CPU.Build.0 = Release|x86
		{B219A658-9FD9-4069-A62B-F68D72B59B4B}.AppStore|Any CPU.Deploy.0 = Release|x86
		{B219A658-9FD9-4069-A62B-F68D72B59B4B}.AppStore|ARM.ActiveCfg = Release|ARM
		{B219A658-9FD9-4069-A62B-F68D72B59B4B}.AppStore|ARM.Build.0 = Release|ARM
		{B219A658-9FD9-4069-A62B-F68D72B59B4B}.AppStore|ARM.Deploy.0 = Release|ARM
		{B219A658-9FD9-4069-A62B-F68D72B59B4B}.AppStore|iPhone.ActiveCfg = Release|x86
		{B219A658-9FD9-4069-A62B-F68D72B59B4B}.AppStore|iPhone.Build.0 = Release|x86
		{B219A658-9FD9-4069-A62B-F68D72B59B4B}.AppStore|iPhone.Deploy.0 = Release|x86
		{B219A658-9FD9-4069-A62B-F68D72B59B4B}.AppStore|iPhoneSimulator.ActiveCfg = Release|x86
		{B219A658-9FD9-4069-A62B-F68D72B59B4B}.AppStore|iPhoneSimulator.Build.0 = Release|x86
		{B219A658-9FD9-4069-A62B-F68D72B59B4B}.AppStore|iPhoneSimulator.Deploy.0 = Release|x86
		{B219A658-9FD9-4069-A62B-F68D72B59B4B}.AppStore|x64.ActiveCfg = Release|x64
		{B219A658-9FD9-4069-A62B-F68D72B59B4B}.AppStore|x64.Build.0 = Release|x64
		{B219A658-9FD9-4069-A62B-F68D72B59B4B}.AppStore|x64.Deploy.0 = Release|x64
		{B219A658-9FD9-4069-A62B-F68D72B59B4B}.AppStore|x86.ActiveCfg = Release|x86
		{B219A658-9FD9-4069-A62B-F68D72B59B4B}.AppStore|x86.Build.0 = Release|x86
		{B219A658-9FD9-4069-A62B-F68D72B59B4B}.AppStore|x86.Deploy.0 = Release|x86
		{B219A658-9FD9-4069-A62B-F68D72B59B4B}.Debug|Any CPU.ActiveCfg = Debug|x86
		{B219A658-9FD9-4069-A62B-F68D72B59B4B}.Debug|Any CPU.Build.0 = Debug|x86
		{B219A658-9FD9-4069-A62B-F68D72B59B4B}.Debug|Any CPU.Deploy.0 = Debug|x86
		{B219A658-9FD9-4069-A62B-F68D72B59B4B}.Debug|ARM.ActiveCfg = Debug|ARM
		{B219A658-9FD9-4069-A62B-F68D72B59B4B}.Debug|ARM.Build.0 = Debug|ARM
		{B219A658-9FD9-4069-A62B-F68D72B59B4B}.Debug|ARM.Deploy.0 = Debug|ARM
		{B219A658-9FD9-4069-A62B-F68D72B59B4B}.Debug|iPhone.ActiveCfg = Debug|x86
		{B219A658-9FD9-4069-A62B-F68D72B59B4B}.Debug|iPhone.Build.0 = Debug|x86
		{B219A658-9FD9-4069-A62B-F68D72B59B4B}.Debug|iPhone.Deploy.0 = Debug|x86
		{B219A658-9FD9-4069-A62B-F68D72B59B4B}.Debug|iPhoneSimulator.ActiveCfg = Debug|x86
		{B219A658-9FD9-4069-A62B-F68D72B59B4B}.Debug|iPhoneSimulator.Build.0 = Debug|x86
		{B219A658-9FD9-4069-A62B-F68D72B59B4B}.Debug|iPhoneSimulator.Deploy.0 = Debug|x86
		{B219A658-9FD9-4069-A62B-F68D72B59B4B}.Debug|x64.ActiveCfg = Debug|x64
		{B219A658-9FD9-4069-A62B-F68D72B59B4B}.Debug|x64.Build.0 = Debug|x64
		{B219A658-9FD9-4069-A62B-F68D72B59B4B}.Debug|x64.Deploy.0 = Debug|x64
		{B219A658-9FD9-4069-A62B-F68D72B59B4B}.Debug|x86.ActiveCfg = Debug|x86
		{B219A658-9FD9-4069-A62B-F68D72B59B4B}.Debug|x86.Build.0 = Debug|x86
		{B219A658-9FD9-4069-A62B-F68D72B59B4B}.Debug|x86.Deploy.0 = Debug|x86
		{B219A658-9FD9-4069-A62B-F68D72B59B4B}.Release|Any CPU.ActiveCfg = Release|x86
		{B219A658-9FD9-4069-A62B-F68D72B59B4B}.Release|Any CPU.Build.0 = Release|x86
		{B219A658-9FD9-4069-A62B-F68D72B59B4B}.Release|Any CPU.Deploy.0 = Release|x86
		{B219A658-9FD9-4069-A62B-F68D72B59B4B}.Release|ARM.ActiveCfg = Release|ARM
		{B219A658-9FD9-4069-A62B-F68D72B59B4B}.Release|ARM.Build.0 = Release|ARM
		{B219A658-9FD9-4069-A62B-F68D72B59B4B}.Release|ARM.Deploy.0 = Release|ARM
		{B219A658-9FD9-4069-A62B-F68D72B59B4B}.Release|iPhone.ActiveCfg = Release|x86
		{B219A658-9FD9-4069-A62B-F68D72B59B4B}.Release|iPhone.Build.0 = Release|x86
		{B219A658-9FD9-4069-A62B-F68D72B59B4B}.Release|iPhone.Deploy.0 = Release|x86
		{B219A658-9FD9-4069-A62B-F68D72B59B4B}.Release|iPhoneSimulator.ActiveCfg = Release|x86
		{B219A658-9FD9-4069-A62B-F68D72B59B4B}.Release|iPhoneSimulator.Build.0 = Release|x86
		{B219A658-9FD9-4069-A62B-F68D72B59B4B}.Release|iPhoneSimulator.Deploy.0 = Release|x86
		{B219A658-9FD9-4069-A62B-F68D72B59B4B}.Release|x64.ActiveCfg = Release|x64
		{B219A658-9FD9-4069-A62B-F68D72B59B4B}.Release|x64.Build.0 = Release|x64
		{B219A658-9FD9-4069-A62B-F68D72B59B4B}.Release|x64.Deploy.0 = Release|x64
		{B219A658-9FD9-4069-A62B-F68D72B59B4B}.Release|x86.ActiveCfg = Release|x86
		{B219A658-9FD9-4069-A62B-F68D72B59B4B}.Release|x86.Build.0 = Release|x86
		{B219A658-9FD9-4069-A62B-F68D72B59B4B}.Release|x86.Deploy.0 = Release|x86
		{C46FAF6F-0E6E-42DD-8445-A5EFA4E6D40D}.Ad-Hoc|Any CPU.ActiveCfg = Debug|Any CPU
		{C46FAF6F-0E6E-42DD-8445-A5EFA4E6D40D}.Ad-Hoc|Any CPU.Build.0 = Debug|Any CPU
		{C46FAF6F-0E6E-42DD-8445-A5EFA4E6D40D}.Ad-Hoc|Any CPU.Deploy.0 = Debug|Any CPU
		{C46FAF6F-0E6E-42DD-8445-A5EFA4E6D40D}.Ad-Hoc|ARM.ActiveCfg = Debug|Any CPU
		{C46FAF6F-0E6E-42DD-8445-A5EFA4E6D40D}.Ad-Hoc|ARM.Build.0 = Debug|Any CPU
		{C46FAF6F-0E6E-42DD-8445-A5EFA4E6D40D}.Ad-Hoc|ARM.Deploy.0 = Debug|Any CPU
		{C46FAF6F-0E6E-42DD-8445-A5EFA4E6D40D}.Ad-Hoc|iPhone.ActiveCfg = Debug|Any CPU
		{C46FAF6F-0E6E-42DD-8445-A5EFA4E6D40D}.Ad-Hoc|iPhone.Build.0 = Debug|Any CPU
		{C46FAF6F-0E6E-42DD-8445-A5EFA4E6D40D}.Ad-Hoc|iPhone.Deploy.0 = Debug|Any CPU
		{C46FAF6F-0E6E-42DD-8445-A5EFA4E6D40D}.Ad-Hoc|iPhoneSimulator.ActiveCfg = Debug|Any CPU
		{C46FAF6F-0E6E-42DD-8445-A5EFA4E6D40D}.Ad-Hoc|iPhoneSimulator.Build.0 = Debug|Any CPU
		{C46FAF6F-0E6E-42DD-8445-A5EFA4E6D40D}.Ad-Hoc|iPhoneSimulator.Deploy.0 = Debug|Any CPU
		{C46FAF6F-0E6E-42DD-8445-A5EFA4E6D40D}.Ad-Hoc|x64.ActiveCfg = Debug|Any CPU
		{C46FAF6F-0E6E-42DD-8445-A5EFA4E6D40D}.Ad-Hoc|x64.Build.0 = Debug|Any CPU
		{C46FAF6F-0E6E-42DD-8445-A5EFA4E6D40D}.Ad-Hoc|x64.Deploy.0 = Debug|Any CPU
		{C46FAF6F-0E6E-42DD-8445-A5EFA4E6D40D}.Ad-Hoc|x86.ActiveCfg = Debug|Any CPU
		{C46FAF6F-0E6E-42DD-8445-A5EFA4E6D40D}.Ad-Hoc|x86.Build.0 = Debug|Any CPU
		{C46FAF6F-0E6E-42DD-8445-A5EFA4E6D40D}.Ad-Hoc|x86.Deploy.0 = Debug|Any CPU
		{C46FAF6F-0E6E-42DD-8445-A5EFA4E6D40D}.AppStore|Any CPU.ActiveCfg = Debug|Any CPU
		{C46FAF6F-0E6E-42DD-8445-A5EFA4E6D40D}.AppStore|Any CPU.Build.0 = Debug|Any CPU
		{C46FAF6F-0E6E-42DD-8445-A5EFA4E6D40D}.AppStore|Any CPU.Deploy.0 = Debug|Any CPU
		{C46FAF6F-0E6E-42DD-8445-A5EFA4E6D40D}.AppStore|ARM.ActiveCfg = Debug|Any CPU
		{C46FAF6F-0E6E-42DD-8445-A5EFA4E6D40D}.AppStore|ARM.Build.0 = Debug|Any CPU
		{C46FAF6F-0E6E-42DD-8445-A5EFA4E6D40D}.AppStore|ARM.Deploy.0 = Debug|Any CPU
		{C46FAF6F-0E6E-42DD-8445-A5EFA4E6D40D}.AppStore|iPhone.ActiveCfg = Debug|Any CPU
		{C46FAF6F-0E6E-42DD-8445-A5EFA4E6D40D}.AppStore|iPhone.Build.0 = Debug|Any CPU
		{C46FAF6F-0E6E-42DD-8445-A5EFA4E6D40D}.AppStore|iPhone.Deploy.0 = Debug|Any CPU
		{C46FAF6F-0E6E-42DD-8445-A5EFA4E6D40D}.AppStore|iPhoneSimulator.ActiveCfg = Debug|Any CPU
		{C46FAF6F-0E6E-42DD-8445-A5EFA4E6D40D}.AppStore|iPhoneSimulator.Build.0 = Debug|Any CPU
		{C46FAF6F-0E6E-42DD-8445-A5EFA4E6D40D}.AppStore|iPhoneSimulator.Deploy.0 = Debug|Any CPU
		{C46FAF6F-0E6E-42DD-8445-A5EFA4E6D40D}.AppStore|x64.ActiveCfg = Debug|Any CPU
		{C46FAF6F-0E6E-42DD-8445-A5EFA4E6D40D}.AppStore|x64.Build.0 = Debug|Any CPU
		{C46FAF6F-0E6E-42DD-8445-A5EFA4E6D40D}.AppStore|x64.Deploy.0 = Debug|Any CPU
		{C46FAF6F-0E6E-42DD-8445-A5EFA4E6D40D}.AppStore|x86.ActiveCfg = Debug|Any CPU
		{C46FAF6F-0E6E-42DD-8445-A5EFA4E6D40D}.AppStore|x86.Build.0 = Debug|Any CPU
		{C46FAF6F-0E6E-42DD-8445-A5EFA4E6D40D}.AppStore|x86.Deploy.0 = Debug|Any CPU
		{C46FAF6F-0E6E-42DD-8445-A5EFA4E6D40D}.Debug|Any CPU.ActiveCfg = Debug|Any CPU
		{C46FAF6F-0E6E-42DD-8445-A5EFA4E6D40D}.Debug|Any CPU.Build.0 = Debug|Any CPU
		{C46FAF6F-0E6E-42DD-8445-A5EFA4E6D40D}.Debug|Any CPU.Deploy.0 = Debug|Any CPU
		{C46FAF6F-0E6E-42DD-8445-A5EFA4E6D40D}.Debug|ARM.ActiveCfg = Debug|Any CPU
		{C46FAF6F-0E6E-42DD-8445-A5EFA4E6D40D}.Debug|ARM.Build.0 = Debug|Any CPU
		{C46FAF6F-0E6E-42DD-8445-A5EFA4E6D40D}.Debug|ARM.Deploy.0 = Debug|Any CPU
		{C46FAF6F-0E6E-42DD-8445-A5EFA4E6D40D}.Debug|iPhone.ActiveCfg = Debug|Any CPU
		{C46FAF6F-0E6E-42DD-8445-A5EFA4E6D40D}.Debug|iPhone.Build.0 = Debug|Any CPU
		{C46FAF6F-0E6E-42DD-8445-A5EFA4E6D40D}.Debug|iPhone.Deploy.0 = Debug|Any CPU
		{C46FAF6F-0E6E-42DD-8445-A5EFA4E6D40D}.Debug|iPhoneSimulator.ActiveCfg = Debug|Any CPU
		{C46FAF6F-0E6E-42DD-8445-A5EFA4E6D40D}.Debug|iPhoneSimulator.Build.0 = Debug|Any CPU
		{C46FAF6F-0E6E-42DD-8445-A5EFA4E6D40D}.Debug|iPhoneSimulator.Deploy.0 = Debug|Any CPU
		{C46FAF6F-0E6E-42DD-8445-A5EFA4E6D40D}.Debug|x64.ActiveCfg = Debug|Any CPU
		{C46FAF6F-0E6E-42DD-8445-A5EFA4E6D40D}.Debug|x64.Build.0 = Debug|Any CPU
		{C46FAF6F-0E6E-42DD-8445-A5EFA4E6D40D}.Debug|x64.Deploy.0 = Debug|Any CPU
		{C46FAF6F-0E6E-42DD-8445-A5EFA4E6D40D}.Debug|x86.ActiveCfg = Debug|Any CPU
		{C46FAF6F-0E6E-42DD-8445-A5EFA4E6D40D}.Debug|x86.Build.0 = Debug|Any CPU
		{C46FAF6F-0E6E-42DD-8445-A5EFA4E6D40D}.Debug|x86.Deploy.0 = Debug|Any CPU
		{C46FAF6F-0E6E-42DD-8445-A5EFA4E6D40D}.Release|Any CPU.ActiveCfg = Release|Any CPU
		{C46FAF6F-0E6E-42DD-8445-A5EFA4E6D40D}.Release|Any CPU.Build.0 = Release|Any CPU
		{C46FAF6F-0E6E-42DD-8445-A5EFA4E6D40D}.Release|Any CPU.Deploy.0 = Release|Any CPU
		{C46FAF6F-0E6E-42DD-8445-A5EFA4E6D40D}.Release|ARM.ActiveCfg = Release|Any CPU
		{C46FAF6F-0E6E-42DD-8445-A5EFA4E6D40D}.Release|ARM.Build.0 = Release|Any CPU
		{C46FAF6F-0E6E-42DD-8445-A5EFA4E6D40D}.Release|ARM.Deploy.0 = Release|Any CPU
		{C46FAF6F-0E6E-42DD-8445-A5EFA4E6D40D}.Release|iPhone.ActiveCfg = Release|Any CPU
		{C46FAF6F-0E6E-42DD-8445-A5EFA4E6D40D}.Release|iPhone.Build.0 = Release|Any CPU
		{C46FAF6F-0E6E-42DD-8445-A5EFA4E6D40D}.Release|iPhone.Deploy.0 = Release|Any CPU
		{C46FAF6F-0E6E-42DD-8445-A5EFA4E6D40D}.Release|iPhoneSimulator.ActiveCfg = Release|Any CPU
		{C46FAF6F-0E6E-42DD-8445-A5EFA4E6D40D}.Release|iPhoneSimulator.Build.0 = Release|Any CPU
		{C46FAF6F-0E6E-42DD-8445-A5EFA4E6D40D}.Release|iPhoneSimulator.Deploy.0 = Release|Any CPU
		{C46FAF6F-0E6E-42DD-8445-A5EFA4E6D40D}.Release|x64.ActiveCfg = Release|Any CPU
		{C46FAF6F-0E6E-42DD-8445-A5EFA4E6D40D}.Release|x64.Build.0 = Release|Any CPU
		{C46FAF6F-0E6E-42DD-8445-A5EFA4E6D40D}.Release|x64.Deploy.0 = Release|Any CPU
		{C46FAF6F-0E6E-42DD-8445-A5EFA4E6D40D}.Release|x86.ActiveCfg = Release|Any CPU
		{C46FAF6F-0E6E-42DD-8445-A5EFA4E6D40D}.Release|x86.Build.0 = Release|Any CPU
		{C46FAF6F-0E6E-42DD-8445-A5EFA4E6D40D}.Release|x86.Deploy.0 = Release|Any CPU
		{1E19CD70-B060-42DD-9899-6F236B0514BF}.Ad-Hoc|Any CPU.ActiveCfg = Release|Any CPU
		{1E19CD70-B060-42DD-9899-6F236B0514BF}.Ad-Hoc|Any CPU.Build.0 = Release|Any CPU
		{1E19CD70-B060-42DD-9899-6F236B0514BF}.Ad-Hoc|ARM.ActiveCfg = Release|Any CPU
		{1E19CD70-B060-42DD-9899-6F236B0514BF}.Ad-Hoc|ARM.Build.0 = Release|Any CPU
		{1E19CD70-B060-42DD-9899-6F236B0514BF}.Ad-Hoc|iPhone.ActiveCfg = Release|Any CPU
		{1E19CD70-B060-42DD-9899-6F236B0514BF}.Ad-Hoc|iPhone.Build.0 = Release|Any CPU
		{1E19CD70-B060-42DD-9899-6F236B0514BF}.Ad-Hoc|iPhoneSimulator.ActiveCfg = Release|Any CPU
		{1E19CD70-B060-42DD-9899-6F236B0514BF}.Ad-Hoc|iPhoneSimulator.Build.0 = Release|Any CPU
		{1E19CD70-B060-42DD-9899-6F236B0514BF}.Ad-Hoc|x64.ActiveCfg = Release|Any CPU
		{1E19CD70-B060-42DD-9899-6F236B0514BF}.Ad-Hoc|x64.Build.0 = Release|Any CPU
		{1E19CD70-B060-42DD-9899-6F236B0514BF}.Ad-Hoc|x86.ActiveCfg = Release|Any CPU
		{1E19CD70-B060-42DD-9899-6F236B0514BF}.Ad-Hoc|x86.Build.0 = Release|Any CPU
		{1E19CD70-B060-42DD-9899-6F236B0514BF}.AppStore|Any CPU.ActiveCfg = Release|Any CPU
		{1E19CD70-B060-42DD-9899-6F236B0514BF}.AppStore|Any CPU.Build.0 = Release|Any CPU
		{1E19CD70-B060-42DD-9899-6F236B0514BF}.AppStore|ARM.ActiveCfg = Release|Any CPU
		{1E19CD70-B060-42DD-9899-6F236B0514BF}.AppStore|ARM.Build.0 = Release|Any CPU
		{1E19CD70-B060-42DD-9899-6F236B0514BF}.AppStore|iPhone.ActiveCfg = Release|Any CPU
		{1E19CD70-B060-42DD-9899-6F236B0514BF}.AppStore|iPhone.Build.0 = Release|Any CPU
		{1E19CD70-B060-42DD-9899-6F236B0514BF}.AppStore|iPhoneSimulator.ActiveCfg = Release|Any CPU
		{1E19CD70-B060-42DD-9899-6F236B0514BF}.AppStore|iPhoneSimulator.Build.0 = Release|Any CPU
		{1E19CD70-B060-42DD-9899-6F236B0514BF}.AppStore|x64.ActiveCfg = Release|Any CPU
		{1E19CD70-B060-42DD-9899-6F236B0514BF}.AppStore|x64.Build.0 = Release|Any CPU
		{1E19CD70-B060-42DD-9899-6F236B0514BF}.AppStore|x86.ActiveCfg = Release|Any CPU
		{1E19CD70-B060-42DD-9899-6F236B0514BF}.AppStore|x86.Build.0 = Release|Any CPU
		{1E19CD70-B060-42DD-9899-6F236B0514BF}.Debug|Any CPU.ActiveCfg = Debug|Any CPU
		{1E19CD70-B060-42DD-9899-6F236B0514BF}.Debug|Any CPU.Build.0 = Debug|Any CPU
		{1E19CD70-B060-42DD-9899-6F236B0514BF}.Debug|ARM.ActiveCfg = Debug|Any CPU
		{1E19CD70-B060-42DD-9899-6F236B0514BF}.Debug|ARM.Build.0 = Debug|Any CPU
		{1E19CD70-B060-42DD-9899-6F236B0514BF}.Debug|iPhone.ActiveCfg = Debug|Any CPU
		{1E19CD70-B060-42DD-9899-6F236B0514BF}.Debug|iPhone.Build.0 = Debug|Any CPU
		{1E19CD70-B060-42DD-9899-6F236B0514BF}.Debug|iPhoneSimulator.ActiveCfg = Debug|Any CPU
		{1E19CD70-B060-42DD-9899-6F236B0514BF}.Debug|iPhoneSimulator.Build.0 = Debug|Any CPU
		{1E19CD70-B060-42DD-9899-6F236B0514BF}.Debug|x64.ActiveCfg = Debug|Any CPU
		{1E19CD70-B060-42DD-9899-6F236B0514BF}.Debug|x64.Build.0 = Debug|Any CPU
		{1E19CD70-B060-42DD-9899-6F236B0514BF}.Debug|x86.ActiveCfg = Debug|Any CPU
		{1E19CD70-B060-42DD-9899-6F236B0514BF}.Debug|x86.Build.0 = Debug|Any CPU
		{1E19CD70-B060-42DD-9899-6F236B0514BF}.Release|Any CPU.ActiveCfg = Release|Any CPU
		{1E19CD70-B060-42DD-9899-6F236B0514BF}.Release|Any CPU.Build.0 = Release|Any CPU
		{1E19CD70-B060-42DD-9899-6F236B0514BF}.Release|ARM.ActiveCfg = Release|Any CPU
		{1E19CD70-B060-42DD-9899-6F236B0514BF}.Release|ARM.Build.0 = Release|Any CPU
		{1E19CD70-B060-42DD-9899-6F236B0514BF}.Release|iPhone.ActiveCfg = Release|Any CPU
		{1E19CD70-B060-42DD-9899-6F236B0514BF}.Release|iPhone.Build.0 = Release|Any CPU
		{1E19CD70-B060-42DD-9899-6F236B0514BF}.Release|iPhoneSimulator.ActiveCfg = Release|Any CPU
		{1E19CD70-B060-42DD-9899-6F236B0514BF}.Release|iPhoneSimulator.Build.0 = Release|Any CPU
		{1E19CD70-B060-42DD-9899-6F236B0514BF}.Release|x64.ActiveCfg = Release|Any CPU
		{1E19CD70-B060-42DD-9899-6F236B0514BF}.Release|x64.Build.0 = Release|Any CPU
		{1E19CD70-B060-42DD-9899-6F236B0514BF}.Release|x86.ActiveCfg = Release|Any CPU
		{1E19CD70-B060-42DD-9899-6F236B0514BF}.Release|x86.Build.0 = Release|Any CPU
		{3F7DDEA0-0C69-4466-A7FB-9FAFEF0336E6}.Ad-Hoc|Any CPU.ActiveCfg = Release|Any CPU
		{3F7DDEA0-0C69-4466-A7FB-9FAFEF0336E6}.Ad-Hoc|Any CPU.Build.0 = Release|Any CPU
		{3F7DDEA0-0C69-4466-A7FB-9FAFEF0336E6}.Ad-Hoc|ARM.ActiveCfg = Release|Any CPU
		{3F7DDEA0-0C69-4466-A7FB-9FAFEF0336E6}.Ad-Hoc|ARM.Build.0 = Release|Any CPU
		{3F7DDEA0-0C69-4466-A7FB-9FAFEF0336E6}.Ad-Hoc|iPhone.ActiveCfg = Release|Any CPU
		{3F7DDEA0-0C69-4466-A7FB-9FAFEF0336E6}.Ad-Hoc|iPhone.Build.0 = Release|Any CPU
		{3F7DDEA0-0C69-4466-A7FB-9FAFEF0336E6}.Ad-Hoc|iPhoneSimulator.ActiveCfg = Release|Any CPU
		{3F7DDEA0-0C69-4466-A7FB-9FAFEF0336E6}.Ad-Hoc|iPhoneSimulator.Build.0 = Release|Any CPU
		{3F7DDEA0-0C69-4466-A7FB-9FAFEF0336E6}.Ad-Hoc|x64.ActiveCfg = Release|Any CPU
		{3F7DDEA0-0C69-4466-A7FB-9FAFEF0336E6}.Ad-Hoc|x64.Build.0 = Release|Any CPU
		{3F7DDEA0-0C69-4466-A7FB-9FAFEF0336E6}.Ad-Hoc|x86.ActiveCfg = Release|Any CPU
		{3F7DDEA0-0C69-4466-A7FB-9FAFEF0336E6}.Ad-Hoc|x86.Build.0 = Release|Any CPU
		{3F7DDEA0-0C69-4466-A7FB-9FAFEF0336E6}.AppStore|Any CPU.ActiveCfg = Release|Any CPU
		{3F7DDEA0-0C69-4466-A7FB-9FAFEF0336E6}.AppStore|Any CPU.Build.0 = Release|Any CPU
		{3F7DDEA0-0C69-4466-A7FB-9FAFEF0336E6}.AppStore|ARM.ActiveCfg = Release|Any CPU
		{3F7DDEA0-0C69-4466-A7FB-9FAFEF0336E6}.AppStore|ARM.Build.0 = Release|Any CPU
		{3F7DDEA0-0C69-4466-A7FB-9FAFEF0336E6}.AppStore|iPhone.ActiveCfg = Release|Any CPU
		{3F7DDEA0-0C69-4466-A7FB-9FAFEF0336E6}.AppStore|iPhone.Build.0 = Release|Any CPU
		{3F7DDEA0-0C69-4466-A7FB-9FAFEF0336E6}.AppStore|iPhoneSimulator.ActiveCfg = Release|Any CPU
		{3F7DDEA0-0C69-4466-A7FB-9FAFEF0336E6}.AppStore|iPhoneSimulator.Build.0 = Release|Any CPU
		{3F7DDEA0-0C69-4466-A7FB-9FAFEF0336E6}.AppStore|x64.ActiveCfg = Release|Any CPU
		{3F7DDEA0-0C69-4466-A7FB-9FAFEF0336E6}.AppStore|x64.Build.0 = Release|Any CPU
		{3F7DDEA0-0C69-4466-A7FB-9FAFEF0336E6}.AppStore|x86.ActiveCfg = Release|Any CPU
		{3F7DDEA0-0C69-4466-A7FB-9FAFEF0336E6}.AppStore|x86.Build.0 = Release|Any CPU
		{3F7DDEA0-0C69-4466-A7FB-9FAFEF0336E6}.Debug|Any CPU.ActiveCfg = Debug|Any CPU
		{3F7DDEA0-0C69-4466-A7FB-9FAFEF0336E6}.Debug|Any CPU.Build.0 = Debug|Any CPU
		{3F7DDEA0-0C69-4466-A7FB-9FAFEF0336E6}.Debug|ARM.ActiveCfg = Debug|Any CPU
		{3F7DDEA0-0C69-4466-A7FB-9FAFEF0336E6}.Debug|ARM.Build.0 = Debug|Any CPU
		{3F7DDEA0-0C69-4466-A7FB-9FAFEF0336E6}.Debug|iPhone.ActiveCfg = Debug|Any CPU
		{3F7DDEA0-0C69-4466-A7FB-9FAFEF0336E6}.Debug|iPhone.Build.0 = Debug|Any CPU
		{3F7DDEA0-0C69-4466-A7FB-9FAFEF0336E6}.Debug|iPhoneSimulator.ActiveCfg = Debug|Any CPU
		{3F7DDEA0-0C69-4466-A7FB-9FAFEF0336E6}.Debug|iPhoneSimulator.Build.0 = Debug|Any CPU
		{3F7DDEA0-0C69-4466-A7FB-9FAFEF0336E6}.Debug|x64.ActiveCfg = Debug|Any CPU
		{3F7DDEA0-0C69-4466-A7FB-9FAFEF0336E6}.Debug|x64.Build.0 = Debug|Any CPU
		{3F7DDEA0-0C69-4466-A7FB-9FAFEF0336E6}.Debug|x86.ActiveCfg = Debug|Any CPU
		{3F7DDEA0-0C69-4466-A7FB-9FAFEF0336E6}.Debug|x86.Build.0 = Debug|Any CPU
		{3F7DDEA0-0C69-4466-A7FB-9FAFEF0336E6}.Release|Any CPU.ActiveCfg = Release|Any CPU
		{3F7DDEA0-0C69-4466-A7FB-9FAFEF0336E6}.Release|Any CPU.Build.0 = Release|Any CPU
		{3F7DDEA0-0C69-4466-A7FB-9FAFEF0336E6}.Release|ARM.ActiveCfg = Release|Any CPU
		{3F7DDEA0-0C69-4466-A7FB-9FAFEF0336E6}.Release|ARM.Build.0 = Release|Any CPU
		{3F7DDEA0-0C69-4466-A7FB-9FAFEF0336E6}.Release|iPhone.ActiveCfg = Release|Any CPU
		{3F7DDEA0-0C69-4466-A7FB-9FAFEF0336E6}.Release|iPhone.Build.0 = Release|Any CPU
		{3F7DDEA0-0C69-4466-A7FB-9FAFEF0336E6}.Release|iPhoneSimulator.ActiveCfg = Release|Any CPU
		{3F7DDEA0-0C69-4466-A7FB-9FAFEF0336E6}.Release|iPhoneSimulator.Build.0 = Release|Any CPU
		{3F7DDEA0-0C69-4466-A7FB-9FAFEF0336E6}.Release|x64.ActiveCfg = Release|Any CPU
		{3F7DDEA0-0C69-4466-A7FB-9FAFEF0336E6}.Release|x64.Build.0 = Release|Any CPU
		{3F7DDEA0-0C69-4466-A7FB-9FAFEF0336E6}.Release|x86.ActiveCfg = Release|Any CPU
		{3F7DDEA0-0C69-4466-A7FB-9FAFEF0336E6}.Release|x86.Build.0 = Release|Any CPU
		{4C9DD469-87CA-45D8-9EA3-A62641C386AA}.Ad-Hoc|Any CPU.ActiveCfg = Release|Any CPU
		{4C9DD469-87CA-45D8-9EA3-A62641C386AA}.Ad-Hoc|Any CPU.Build.0 = Release|Any CPU
		{4C9DD469-87CA-45D8-9EA3-A62641C386AA}.Ad-Hoc|ARM.ActiveCfg = Release|Any CPU
		{4C9DD469-87CA-45D8-9EA3-A62641C386AA}.Ad-Hoc|ARM.Build.0 = Release|Any CPU
		{4C9DD469-87CA-45D8-9EA3-A62641C386AA}.Ad-Hoc|iPhone.ActiveCfg = Release|Any CPU
		{4C9DD469-87CA-45D8-9EA3-A62641C386AA}.Ad-Hoc|iPhone.Build.0 = Release|Any CPU
		{4C9DD469-87CA-45D8-9EA3-A62641C386AA}.Ad-Hoc|iPhoneSimulator.ActiveCfg = Release|Any CPU
		{4C9DD469-87CA-45D8-9EA3-A62641C386AA}.Ad-Hoc|iPhoneSimulator.Build.0 = Release|Any CPU
		{4C9DD469-87CA-45D8-9EA3-A62641C386AA}.Ad-Hoc|x64.ActiveCfg = Release|Any CPU
		{4C9DD469-87CA-45D8-9EA3-A62641C386AA}.Ad-Hoc|x64.Build.0 = Release|Any CPU
		{4C9DD469-87CA-45D8-9EA3-A62641C386AA}.Ad-Hoc|x86.ActiveCfg = Release|Any CPU
		{4C9DD469-87CA-45D8-9EA3-A62641C386AA}.Ad-Hoc|x86.Build.0 = Release|Any CPU
		{4C9DD469-87CA-45D8-9EA3-A62641C386AA}.AppStore|Any CPU.ActiveCfg = Release|Any CPU
		{4C9DD469-87CA-45D8-9EA3-A62641C386AA}.AppStore|Any CPU.Build.0 = Release|Any CPU
		{4C9DD469-87CA-45D8-9EA3-A62641C386AA}.AppStore|ARM.ActiveCfg = Release|Any CPU
		{4C9DD469-87CA-45D8-9EA3-A62641C386AA}.AppStore|ARM.Build.0 = Release|Any CPU
		{4C9DD469-87CA-45D8-9EA3-A62641C386AA}.AppStore|iPhone.ActiveCfg = Release|Any CPU
		{4C9DD469-87CA-45D8-9EA3-A62641C386AA}.AppStore|iPhone.Build.0 = Release|Any CPU
		{4C9DD469-87CA-45D8-9EA3-A62641C386AA}.AppStore|iPhoneSimulator.ActiveCfg = Release|Any CPU
		{4C9DD469-87CA-45D8-9EA3-A62641C386AA}.AppStore|iPhoneSimulator.Build.0 = Release|Any CPU
		{4C9DD469-87CA-45D8-9EA3-A62641C386AA}.AppStore|x64.ActiveCfg = Release|Any CPU
		{4C9DD469-87CA-45D8-9EA3-A62641C386AA}.AppStore|x64.Build.0 = Release|Any CPU
		{4C9DD469-87CA-45D8-9EA3-A62641C386AA}.AppStore|x86.ActiveCfg = Release|Any CPU
		{4C9DD469-87CA-45D8-9EA3-A62641C386AA}.AppStore|x86.Build.0 = Release|Any CPU
		{4C9DD469-87CA-45D8-9EA3-A62641C386AA}.Debug|Any CPU.ActiveCfg = Debug|Any CPU
		{4C9DD469-87CA-45D8-9EA3-A62641C386AA}.Debug|Any CPU.Build.0 = Debug|Any CPU
		{4C9DD469-87CA-45D8-9EA3-A62641C386AA}.Debug|ARM.ActiveCfg = Debug|Any CPU
		{4C9DD469-87CA-45D8-9EA3-A62641C386AA}.Debug|ARM.Build.0 = Debug|Any CPU
		{4C9DD469-87CA-45D8-9EA3-A62641C386AA}.Debug|iPhone.ActiveCfg = Debug|Any CPU
		{4C9DD469-87CA-45D8-9EA3-A62641C386AA}.Debug|iPhone.Build.0 = Debug|Any CPU
		{4C9DD469-87CA-45D8-9EA3-A62641C386AA}.Debug|iPhoneSimulator.ActiveCfg = Debug|Any CPU
		{4C9DD469-87CA-45D8-9EA3-A62641C386AA}.Debug|iPhoneSimulator.Build.0 = Debug|Any CPU
		{4C9DD469-87CA-45D8-9EA3-A62641C386AA}.Debug|x64.ActiveCfg = Debug|Any CPU
		{4C9DD469-87CA-45D8-9EA3-A62641C386AA}.Debug|x64.Build.0 = Debug|Any CPU
		{4C9DD469-87CA-45D8-9EA3-A62641C386AA}.Debug|x86.ActiveCfg = Debug|Any CPU
		{4C9DD469-87CA-45D8-9EA3-A62641C386AA}.Debug|x86.Build.0 = Debug|Any CPU
		{4C9DD469-87CA-45D8-9EA3-A62641C386AA}.Release|Any CPU.ActiveCfg = Release|Any CPU
		{4C9DD469-87CA-45D8-9EA3-A62641C386AA}.Release|Any CPU.Build.0 = Release|Any CPU
		{4C9DD469-87CA-45D8-9EA3-A62641C386AA}.Release|ARM.ActiveCfg = Release|Any CPU
		{4C9DD469-87CA-45D8-9EA3-A62641C386AA}.Release|ARM.Build.0 = Release|Any CPU
		{4C9DD469-87CA-45D8-9EA3-A62641C386AA}.Release|iPhone.ActiveCfg = Release|Any CPU
		{4C9DD469-87CA-45D8-9EA3-A62641C386AA}.Release|iPhone.Build.0 = Release|Any CPU
		{4C9DD469-87CA-45D8-9EA3-A62641C386AA}.Release|iPhoneSimulator.ActiveCfg = Release|Any CPU
		{4C9DD469-87CA-45D8-9EA3-A62641C386AA}.Release|iPhoneSimulator.Build.0 = Release|Any CPU
		{4C9DD469-87CA-45D8-9EA3-A62641C386AA}.Release|x64.ActiveCfg = Release|Any CPU
		{4C9DD469-87CA-45D8-9EA3-A62641C386AA}.Release|x64.Build.0 = Release|Any CPU
		{4C9DD469-87CA-45D8-9EA3-A62641C386AA}.Release|x86.ActiveCfg = Release|Any CPU
		{4C9DD469-87CA-45D8-9EA3-A62641C386AA}.Release|x86.Build.0 = Release|Any CPU
		{DAF97F4D-721A-460A-A0D3-8296DBC2DCE2}.Ad-Hoc|Any CPU.ActiveCfg = Release|Any CPU
		{DAF97F4D-721A-460A-A0D3-8296DBC2DCE2}.Ad-Hoc|Any CPU.Build.0 = Release|Any CPU
		{DAF97F4D-721A-460A-A0D3-8296DBC2DCE2}.Ad-Hoc|ARM.ActiveCfg = Release|Any CPU
		{DAF97F4D-721A-460A-A0D3-8296DBC2DCE2}.Ad-Hoc|ARM.Build.0 = Release|Any CPU
		{DAF97F4D-721A-460A-A0D3-8296DBC2DCE2}.Ad-Hoc|iPhone.ActiveCfg = Release|Any CPU
		{DAF97F4D-721A-460A-A0D3-8296DBC2DCE2}.Ad-Hoc|iPhone.Build.0 = Release|Any CPU
		{DAF97F4D-721A-460A-A0D3-8296DBC2DCE2}.Ad-Hoc|iPhoneSimulator.ActiveCfg = Release|Any CPU
		{DAF97F4D-721A-460A-A0D3-8296DBC2DCE2}.Ad-Hoc|iPhoneSimulator.Build.0 = Release|Any CPU
		{DAF97F4D-721A-460A-A0D3-8296DBC2DCE2}.Ad-Hoc|x64.ActiveCfg = Release|Any CPU
		{DAF97F4D-721A-460A-A0D3-8296DBC2DCE2}.Ad-Hoc|x64.Build.0 = Release|Any CPU
		{DAF97F4D-721A-460A-A0D3-8296DBC2DCE2}.Ad-Hoc|x86.ActiveCfg = Release|Any CPU
		{DAF97F4D-721A-460A-A0D3-8296DBC2DCE2}.Ad-Hoc|x86.Build.0 = Release|Any CPU
		{DAF97F4D-721A-460A-A0D3-8296DBC2DCE2}.AppStore|Any CPU.ActiveCfg = Release|Any CPU
		{DAF97F4D-721A-460A-A0D3-8296DBC2DCE2}.AppStore|Any CPU.Build.0 = Release|Any CPU
		{DAF97F4D-721A-460A-A0D3-8296DBC2DCE2}.AppStore|ARM.ActiveCfg = Release|Any CPU
		{DAF97F4D-721A-460A-A0D3-8296DBC2DCE2}.AppStore|ARM.Build.0 = Release|Any CPU
		{DAF97F4D-721A-460A-A0D3-8296DBC2DCE2}.AppStore|iPhone.ActiveCfg = Release|Any CPU
		{DAF97F4D-721A-460A-A0D3-8296DBC2DCE2}.AppStore|iPhone.Build.0 = Release|Any CPU
		{DAF97F4D-721A-460A-A0D3-8296DBC2DCE2}.AppStore|iPhoneSimulator.ActiveCfg = Release|Any CPU
		{DAF97F4D-721A-460A-A0D3-8296DBC2DCE2}.AppStore|iPhoneSimulator.Build.0 = Release|Any CPU
		{DAF97F4D-721A-460A-A0D3-8296DBC2DCE2}.AppStore|x64.ActiveCfg = Release|Any CPU
		{DAF97F4D-721A-460A-A0D3-8296DBC2DCE2}.AppStore|x64.Build.0 = Release|Any CPU
		{DAF97F4D-721A-460A-A0D3-8296DBC2DCE2}.AppStore|x86.ActiveCfg = Release|Any CPU
		{DAF97F4D-721A-460A-A0D3-8296DBC2DCE2}.AppStore|x86.Build.0 = Release|Any CPU
		{DAF97F4D-721A-460A-A0D3-8296DBC2DCE2}.Debug|Any CPU.ActiveCfg = Debug|Any CPU
		{DAF97F4D-721A-460A-A0D3-8296DBC2DCE2}.Debug|Any CPU.Build.0 = Debug|Any CPU
		{DAF97F4D-721A-460A-A0D3-8296DBC2DCE2}.Debug|ARM.ActiveCfg = Debug|Any CPU
		{DAF97F4D-721A-460A-A0D3-8296DBC2DCE2}.Debug|ARM.Build.0 = Debug|Any CPU
		{DAF97F4D-721A-460A-A0D3-8296DBC2DCE2}.Debug|iPhone.ActiveCfg = Debug|Any CPU
		{DAF97F4D-721A-460A-A0D3-8296DBC2DCE2}.Debug|iPhone.Build.0 = Debug|Any CPU
		{DAF97F4D-721A-460A-A0D3-8296DBC2DCE2}.Debug|iPhoneSimulator.ActiveCfg = Debug|Any CPU
		{DAF97F4D-721A-460A-A0D3-8296DBC2DCE2}.Debug|iPhoneSimulator.Build.0 = Debug|Any CPU
		{DAF97F4D-721A-460A-A0D3-8296DBC2DCE2}.Debug|x64.ActiveCfg = Debug|Any CPU
		{DAF97F4D-721A-460A-A0D3-8296DBC2DCE2}.Debug|x64.Build.0 = Debug|Any CPU
		{DAF97F4D-721A-460A-A0D3-8296DBC2DCE2}.Debug|x86.ActiveCfg = Debug|Any CPU
		{DAF97F4D-721A-460A-A0D3-8296DBC2DCE2}.Debug|x86.Build.0 = Debug|Any CPU
		{DAF97F4D-721A-460A-A0D3-8296DBC2DCE2}.Release|Any CPU.ActiveCfg = Release|Any CPU
		{DAF97F4D-721A-460A-A0D3-8296DBC2DCE2}.Release|Any CPU.Build.0 = Release|Any CPU
		{DAF97F4D-721A-460A-A0D3-8296DBC2DCE2}.Release|ARM.ActiveCfg = Release|Any CPU
		{DAF97F4D-721A-460A-A0D3-8296DBC2DCE2}.Release|ARM.Build.0 = Release|Any CPU
		{DAF97F4D-721A-460A-A0D3-8296DBC2DCE2}.Release|iPhone.ActiveCfg = Release|Any CPU
		{DAF97F4D-721A-460A-A0D3-8296DBC2DCE2}.Release|iPhone.Build.0 = Release|Any CPU
		{DAF97F4D-721A-460A-A0D3-8296DBC2DCE2}.Release|iPhoneSimulator.ActiveCfg = Release|Any CPU
		{DAF97F4D-721A-460A-A0D3-8296DBC2DCE2}.Release|iPhoneSimulator.Build.0 = Release|Any CPU
		{DAF97F4D-721A-460A-A0D3-8296DBC2DCE2}.Release|x64.ActiveCfg = Release|Any CPU
		{DAF97F4D-721A-460A-A0D3-8296DBC2DCE2}.Release|x64.Build.0 = Release|Any CPU
		{DAF97F4D-721A-460A-A0D3-8296DBC2DCE2}.Release|x86.ActiveCfg = Release|Any CPU
		{DAF97F4D-721A-460A-A0D3-8296DBC2DCE2}.Release|x86.Build.0 = Release|Any CPU
	EndGlobalSection
	GlobalSection(SolutionProperties) = preSolution
		HideSolutionNode = FALSE
	EndGlobalSection
	GlobalSection(ExtensibilityGlobals) = postSolution
		SolutionGuid = {74A93B67-4BB5-46D4-9C9B-B99D4B90F28D}
	EndGlobalSection
EndGlobal
